
Microsoft Visual Studio Solution File, Format Version 12.00
# Visual Studio Version 17
VisualStudioVersion = 17.7.34031.279
MinimumVisualStudioVersion = 10.0.40219.1
Project("{FAE04EC0-301F-11D3-BF4B-00C04F79EFBC}") = "Dataverse101", "Dataverse101.csproj", "{680F1A76-45F8-4405-8435-033C43FC3025}"
EndProject
Global
	GlobalSection(SolutionConfigurationPlatforms) = preSolution
		Debug|Any CPU = Debug|Any CPU
		Release|Any CPU = Release|Any CPU
	EndGlobalSection
	GlobalSection(ProjectConfigurationPlatforms) = postSolution
		{680F1A76-45F8-4405-8435-033C43FC3025}.Debug|Any CPU.ActiveCfg = Debug|Any CPU
		{680F1A76-45F8-4405-8435-033C43FC3025}.Debug|Any CPU.Build.0 = Debug|Any CPU
		{680F1A76-45F8-4405-8435-033C43FC3025}.Release|Any CPU.ActiveCfg = Release|Any CPU
		{680F1A76-45F8-4405-8435-033C43FC3025}.Release|Any CPU.Build.0 = Release|Any CPU
	EndGlobalSection
	GlobalSection(SolutionProperties) = preSolution
		HideSolutionNode = FALSE
	EndGlobalSection
	GlobalSection(ExtensibilityGlobals) = postSolution
		SolutionGuid = {5C153FBB-F646-4515-B36E-1DEBCF0879C5}
	EndGlobalSection
EndGlobal
