
Microsoft Visual Studio Solution File, Format Version 12.00
# Visual Studio Version 16
VisualStudioVersion = 16.0.31205.134
MinimumVisualStudioVersion = 10.0.40219.1
Project("{9A19103F-16F7-4668-BE54-9A1E7A4F7556}") = "PowerFxService", "PowerFxService.csproj", "{95A7478F-DB64-4499-A545-9A76BB6BD312}"
EndProject
Global
	GlobalSection(SolutionConfigurationPlatforms) = preSolution
		Debug|Any CPU = Debug|Any CPU
		Release|Any CPU = Release|Any CPU
	EndGlobalSection
	GlobalSection(ProjectConfigurationPlatforms) = postSolution
		{95A7478F-DB64-4499-A545-9A76BB6BD312}.Debug|Any CPU.ActiveCfg = Debug|Any CPU
		{95A7478F-DB64-4499-A545-9A76BB6BD312}.Debug|Any CPU.Build.0 = Debug|Any CPU
		{95A7478F-DB64-4499-A545-9A76BB6BD312}.Release|Any CPU.ActiveCfg = Release|Any CPU
		{95A7478F-DB64-4499-A545-9A76BB6BD312}.Release|Any CPU.Build.0 = Release|Any CPU
	EndGlobalSection
	GlobalSection(SolutionProperties) = preSolution
		HideSolutionNode = FALSE
	EndGlobalSection
	GlobalSection(ExtensibilityGlobals) = postSolution
		SolutionGuid = {92AAA401-51B5-4B48-AC5F-F4D275B382E6}
		SolutionGuid = {431FA046-4630-4FED-B772-F6DD55A59854}
	EndGlobalSection
EndGlobal
