
Microsoft Visual Studio Solution File, Format Version 12.00
# Visual Studio Version 16
VisualStudioVersion = 16.0.31910.168
MinimumVisualStudioVersion = 10.0.40219.1
Project("{FAE04EC0-301F-11D3-BF4B-00C04F79EFBC}") = "TransformFx", "TransformFx.csproj", "{6731363A-C1E9-4ED1-8851-2D174AC65581}"
EndProject
Global
	GlobalSection(SolutionConfigurationPlatforms) = preSolution
		Debug|Any CPU = Debug|Any CPU
		Release|Any CPU = Release|Any CPU
	EndGlobalSection
	GlobalSection(ProjectConfigurationPlatforms) = postSolution
		{6731363A-C1E9-4ED1-8851-2D174AC65581}.Debug|Any CPU.ActiveCfg = Debug|Any CPU
		{6731363A-C1E9-4ED1-8851-2D174AC65581}.Debug|Any CPU.Build.0 = Debug|Any CPU
		{6731363A-C1E9-4ED1-8851-2D174AC65581}.Release|Any CPU.ActiveCfg = Release|Any CPU
		{6731363A-C1E9-4ED1-8851-2D174AC65581}.Release|Any CPU.Build.0 = Release|Any CPU
	EndGlobalSection
	GlobalSection(SolutionProperties) = preSolution
		HideSolutionNode = FALSE
	EndGlobalSection
	GlobalSection(ExtensibilityGlobals) = postSolution
		SolutionGuid = {BE1F1E5C-687B-420A-BDD0-736D281CC2AC}
	EndGlobalSection
EndGlobal
